// !$*UTF8*$!
{
	archiveVersion = 1;
	classes = {
	};
	objectVersion = 52;
	objects = {

/* Begin PBXBuildFile section */
		0427C3D524FA5E010073A45A /* FacebookShare in Frameworks */ = {isa = PBXBuildFile; productRef = 0427C3D424FA5E010073A45A /* FacebookShare */; };
		0427C3D724FA5E010073A45A /* FacebookCore in Frameworks */ = {isa = PBXBuildFile; productRef = 0427C3D624FA5E010073A45A /* FacebookCore */; };
		0427C3D924FA5E010073A45A /* FacebookGamingServices in Frameworks */ = {isa = PBXBuildFile; productRef = 0427C3D824FA5E010073A45A /* FacebookGamingServices */; };
		0427C3DB24FA5E010073A45A /* FacebookLogin in Frameworks */ = {isa = PBXBuildFile; productRef = 0427C3DA24FA5E010073A45A /* FacebookLogin */; };
		048862E024F8FB710037E751 /* AppDelegate.swift in Sources */ = {isa = PBXBuildFile; fileRef = 048862DF24F8FB710037E751 /* AppDelegate.swift */; };
		048862E624F8FB710037E751 /* GameScene.swift in Sources */ = {isa = PBXBuildFile; fileRef = 048862E524F8FB710037E751 /* GameScene.swift */; };
		048862E824F8FB710037E751 /* GameViewController.swift in Sources */ = {isa = PBXBuildFile; fileRef = 048862E724F8FB710037E751 /* GameViewController.swift */; };
		048862EB24F8FB710037E751 /* Main.storyboard in Resources */ = {isa = PBXBuildFile; fileRef = 048862E924F8FB710037E751 /* Main.storyboard */; };
		048862ED24F8FB770037E751 /* Images.xcassets in Resources */ = {isa = PBXBuildFile; fileRef = 048862EC24F8FB770037E751 /* Images.xcassets */; };
		048862F024F8FB770037E751 /* LaunchScreen.storyboard in Resources */ = {isa = PBXBuildFile; fileRef = 048862EE24F8FB770037E751 /* LaunchScreen.storyboard */; };
		048862F824F8FBA10037E751 /* Player.swift in Sources */ = {isa = PBXBuildFile; fileRef = 048862F724F8FBA10037E751 /* Player.swift */; };
		048862FA24F8FBB10037E751 /* LevelUnit.swift in Sources */ = {isa = PBXBuildFile; fileRef = 048862F924F8FBB10037E751 /* LevelUnit.swift */; };
		048862FC24F8FBBF0037E751 /* Object.swift in Sources */ = {isa = PBXBuildFile; fileRef = 048862FB24F8FBBF0037E751 /* Object.swift */; };
		048862FF24F8FC0B0037E751 /* Girl.atlas in Resources */ = {isa = PBXBuildFile; fileRef = 048862FD24F8FC0A0037E751 /* Girl.atlas */; };
		0488630024F8FC0B0037E751 /* Ogre.atlas in Resources */ = {isa = PBXBuildFile; fileRef = 048862FE24F8FC0B0037E751 /* Ogre.atlas */; };
		0488630224F96B420037E751 /* GameScene.sks in Resources */ = {isa = PBXBuildFile; fileRef = 0488630124F96B420037E751 /* GameScene.sks */; };
		0488630424F97BEF0037E751 /* WebView.swift in Sources */ = {isa = PBXBuildFile; fileRef = 0488630324F97BEF0037E751 /* WebView.swift */; };
/* End PBXBuildFile section */

/* Begin PBXFileReference section */
		048862DC24F8FB710037E751 /* TZ-Olimob.app */ = {isa = PBXFileReference; explicitFileType = wrapper.application; includeInIndex = 0; path = "TZ-Olimob.app"; sourceTree = BUILT_PRODUCTS_DIR; };
		048862DF24F8FB710037E751 /* AppDelegate.swift */ = {isa = PBXFileReference; lastKnownFileType = sourcecode.swift; path = AppDelegate.swift; sourceTree = "<group>"; };
		048862E524F8FB710037E751 /* GameScene.swift */ = {isa = PBXFileReference; lastKnownFileType = sourcecode.swift; path = GameScene.swift; sourceTree = "<group>"; };
		048862E724F8FB710037E751 /* GameViewController.swift */ = {isa = PBXFileReference; lastKnownFileType = sourcecode.swift; path = GameViewController.swift; sourceTree = "<group>"; };
		048862EA24F8FB710037E751 /* Base */ = {isa = PBXFileReference; lastKnownFileType = file.storyboard; name = Base; path = Base.lproj/Main.storyboard; sourceTree = "<group>"; };
		048862EC24F8FB770037E751 /* Images.xcassets */ = {isa = PBXFileReference; lastKnownFileType = folder.assetcatalog; path = Images.xcassets; sourceTree = "<group>"; };
		048862EF24F8FB770037E751 /* Base */ = {isa = PBXFileReference; lastKnownFileType = file.storyboard; name = Base; path = Base.lproj/LaunchScreen.storyboard; sourceTree = "<group>"; };
		048862F124F8FB770037E751 /* Info.plist */ = {isa = PBXFileReference; lastKnownFileType = text.plist.xml; path = Info.plist; sourceTree = "<group>"; };
		048862F724F8FBA10037E751 /* Player.swift */ = {isa = PBXFileReference; lastKnownFileType = sourcecode.swift; path = Player.swift; sourceTree = "<group>"; };
		048862F924F8FBB10037E751 /* LevelUnit.swift */ = {isa = PBXFileReference; lastKnownFileType = sourcecode.swift; path = LevelUnit.swift; sourceTree = "<group>"; };
		048862FB24F8FBBF0037E751 /* Object.swift */ = {isa = PBXFileReference; lastKnownFileType = sourcecode.swift; path = Object.swift; sourceTree = "<group>"; };
		048862FD24F8FC0A0037E751 /* Girl.atlas */ = {isa = PBXFileReference; lastKnownFileType = folder.skatlas; path = Girl.atlas; sourceTree = "<group>"; };
		048862FE24F8FC0B0037E751 /* Ogre.atlas */ = {isa = PBXFileReference; lastKnownFileType = folder.skatlas; path = Ogre.atlas; sourceTree = "<group>"; };
		0488630124F96B420037E751 /* GameScene.sks */ = {isa = PBXFileReference; lastKnownFileType = file.sks; path = GameScene.sks; sourceTree = "<group>"; };
		0488630324F97BEF0037E751 /* WebView.swift */ = {isa = PBXFileReference; lastKnownFileType = sourcecode.swift; path = WebView.swift; sourceTree = "<group>"; };
/* End PBXFileReference section */

/* Begin PBXFrameworksBuildPhase section */
		048862D924F8FB710037E751 /* Frameworks */ = {
			isa = PBXFrameworksBuildPhase;
			buildActionMask = 2147483647;
			files = (
				0427C3DB24FA5E010073A45A /* FacebookLogin in Frameworks */,
				0427C3D924FA5E010073A45A /* FacebookGamingServices in Frameworks */,
				0427C3D524FA5E010073A45A /* FacebookShare in Frameworks */,
				0427C3D724FA5E010073A45A /* FacebookCore in Frameworks */,
			);
			runOnlyForDeploymentPostprocessing = 0;
		};
/* End PBXFrameworksBuildPhase section */

/* Begin PBXGroup section */
		048862D324F8FB710037E751 = {
			isa = PBXGroup;
			children = (
				048862DE24F8FB710037E751 /* TZ-Olimob */,
				048862DD24F8FB710037E751 /* Products */,
			);
			sourceTree = "<group>";
		};
		048862DD24F8FB710037E751 /* Products */ = {
			isa = PBXGroup;
			children = (
				048862DC24F8FB710037E751 /* TZ-Olimob.app */,
			);
			name = Products;
			sourceTree = "<group>";
		};
		048862DE24F8FB710037E751 /* TZ-Olimob */ = {
			isa = PBXGroup;
			children = (
				048862DF24F8FB710037E751 /* AppDelegate.swift */,
				0488630124F96B420037E751 /* GameScene.sks */,
				048862E524F8FB710037E751 /* GameScene.swift */,
				048862F724F8FBA10037E751 /* Player.swift */,
				048862F924F8FBB10037E751 /* LevelUnit.swift */,
				048862FB24F8FBBF0037E751 /* Object.swift */,
				048862E724F8FB710037E751 /* GameViewController.swift */,
				048862E924F8FB710037E751 /* Main.storyboard */,
				0488630324F97BEF0037E751 /* WebView.swift */,
				048862FD24F8FC0A0037E751 /* Girl.atlas */,
				048862FE24F8FC0B0037E751 /* Ogre.atlas */,
				048862EC24F8FB770037E751 /* Images.xcassets */,
				048862EE24F8FB770037E751 /* LaunchScreen.storyboard */,
				048862F124F8FB770037E751 /* Info.plist */,
			);
			path = "TZ-Olimob";
			sourceTree = "<group>";
		};
/* End PBXGroup section */

/* Begin PBXNativeTarget section */
		048862DB24F8FB710037E751 /* TZ-Olimob */ = {
			isa = PBXNativeTarget;
			buildConfigurationList = 048862F424F8FB770037E751 /* Build configuration list for PBXNativeTarget "TZ-Olimob" */;
			buildPhases = (
				048862D824F8FB710037E751 /* Sources */,
				048862D924F8FB710037E751 /* Frameworks */,
				048862DA24F8FB710037E751 /* Resources */,
			);
			buildRules = (
			);
			dependencies = (
			);
			name = "TZ-Olimob";
			packageProductDependencies = (
				0427C3D424FA5E010073A45A /* FacebookShare */,
				0427C3D624FA5E010073A45A /* FacebookCore */,
				0427C3D824FA5E010073A45A /* FacebookGamingServices */,
				0427C3DA24FA5E010073A45A /* FacebookLogin */,
			);
			productName = "TZ-Olimob";
			productReference = 048862DC24F8FB710037E751 /* TZ-Olimob.app */;
			productType = "com.apple.product-type.application";
		};
/* End PBXNativeTarget section */

/* Begin PBXProject section */
		048862D424F8FB710037E751 /* Project object */ = {
			isa = PBXProject;
			attributes = {
				LastSwiftUpdateCheck = 1160;
				LastUpgradeCheck = 1160;
				ORGANIZATIONNAME = "Gera Volobuev";
				TargetAttributes = {
					048862DB24F8FB710037E751 = {
						CreatedOnToolsVersion = 11.6;
					};
				};
			};
			buildConfigurationList = 048862D724F8FB710037E751 /* Build configuration list for PBXProject "TZ-Olimob" */;
			compatibilityVersion = "Xcode 9.3";
			developmentRegion = en;
			hasScannedForEncodings = 0;
			knownRegions = (
				en,
				Base,
			);
			mainGroup = 048862D324F8FB710037E751;
			packageReferences = (
				0427C3D324FA5E010073A45A /* XCRemoteSwiftPackageReference "facebook-ios-sdk" */,
			);
			productRefGroup = 048862DD24F8FB710037E751 /* Products */;
			projectDirPath = "";
			projectRoot = "";
			targets = (
				048862DB24F8FB710037E751 /* TZ-Olimob */,
			);
		};
/* End PBXProject section */

/* Begin PBXResourcesBuildPhase section */
		048862DA24F8FB710037E751 /* Resources */ = {
			isa = PBXResourcesBuildPhase;
			buildActionMask = 2147483647;
			files = (
				0488630024F8FC0B0037E751 /* Ogre.atlas in Resources */,
				048862EB24F8FB710037E751 /* Main.storyboard in Resources */,
				048862ED24F8FB770037E751 /* Images.xcassets in Resources */,
				048862F024F8FB770037E751 /* LaunchScreen.storyboard in Resources */,
				0488630224F96B420037E751 /* GameScene.sks in Resources */,
				048862FF24F8FC0B0037E751 /* Girl.atlas in Resources */,
			);
			runOnlyForDeploymentPostprocessing = 0;
		};
/* End PBXResourcesBuildPhase section */

/* Begin PBXSourcesBuildPhase section */
		048862D824F8FB710037E751 /* Sources */ = {
			isa = PBXSourcesBuildPhase;
			buildActionMask = 2147483647;
			files = (
				048862FA24F8FBB10037E751 /* LevelUnit.swift in Sources */,
				048862F824F8FBA10037E751 /* Player.swift in Sources */,
				048862E624F8FB710037E751 /* GameScene.swift in Sources */,
				048862E824F8FB710037E751 /* GameViewController.swift in Sources */,
				048862FC24F8FBBF0037E751 /* Object.swift in Sources */,
				048862E024F8FB710037E751 /* AppDelegate.swift in Sources */,
				0488630424F97BEF0037E751 /* WebView.swift in Sources */,
			);
			runOnlyForDeploymentPostprocessing = 0;
		};
/* End PBXSourcesBuildPhase section */

/* Begin PBXVariantGroup section */
		048862E924F8FB710037E751 /* Main.storyboard */ = {
			isa = PBXVariantGroup;
			children = (
				048862EA24F8FB710037E751 /* Base */,
			);
			name = Main.storyboard;
			sourceTree = "<group>";
		};
		048862EE24F8FB770037E751 /* LaunchScreen.storyboard */ = {
			isa = PBXVariantGroup;
			children = (
				048862EF24F8FB770037E751 /* Base */,
			);
			name = LaunchScreen.storyboard;
			sourceTree = "<group>";
		};
/* End PBXVariantGroup section */

/* Begin XCBuildConfiguration section */
		048862F224F8FB770037E751 /* Debug */ = {
			isa = XCBuildConfiguration;
			buildSettings = {
				ALWAYS_SEARCH_USER_PATHS = NO;
				CLANG_ANALYZER_NONNULL = YES;
				CLANG_ANALYZER_NUMBER_OBJECT_CONVERSION = YES_AGGRESSIVE;
				CLANG_CXX_LANGUAGE_STANDARD = "gnu++14";
				CLANG_CXX_LIBRARY = "libc++";
				CLANG_ENABLE_MODULES = YES;
				CLANG_ENABLE_OBJC_ARC = YES;
				CLANG_ENABLE_OBJC_WEAK = YES;
				CLANG_WARN_BLOCK_CAPTURE_AUTORELEASING = YES;
				CLANG_WARN_BOOL_CONVERSION = YES;
				CLANG_WARN_COMMA = YES;
				CLANG_WARN_CONSTANT_CONVERSION = YES;
				CLANG_WARN_DEPRECATED_OBJC_IMPLEMENTATIONS = YES;
				CLANG_WARN_DIRECT_OBJC_ISA_USAGE = YES_ERROR;
				CLANG_WARN_DOCUMENTATION_COMMENTS = YES;
				CLANG_WARN_EMPTY_BODY = YES;
				CLANG_WARN_ENUM_CONVERSION = YES;
				CLANG_WARN_INFINITE_RECURSION = YES;
				CLANG_WARN_INT_CONVERSION = YES;
				CLANG_WARN_NON_LITERAL_NULL_CONVERSION = YES;
				CLANG_WARN_OBJC_IMPLICIT_RETAIN_SELF = YES;
				CLANG_WARN_OBJC_LITERAL_CONVERSION = YES;
				CLANG_WARN_OBJC_ROOT_CLASS = YES_ERROR;
				CLANG_WARN_RANGE_LOOP_ANALYSIS = YES;
				CLANG_WARN_STRICT_PROTOTYPES = YES;
				CLANG_WARN_SUSPICIOUS_MOVE = YES;
				CLANG_WARN_UNGUARDED_AVAILABILITY = YES_AGGRESSIVE;
				CLANG_WARN_UNREACHABLE_CODE = YES;
				CLANG_WARN__DUPLICATE_METHOD_MATCH = YES;
				COPY_PHASE_STRIP = NO;
				DEBUG_INFORMATION_FORMAT = dwarf;
				ENABLE_STRICT_OBJC_MSGSEND = YES;
				ENABLE_TESTABILITY = YES;
				GCC_C_LANGUAGE_STANDARD = gnu11;
				GCC_DYNAMIC_NO_PIC = NO;
				GCC_NO_COMMON_BLOCKS = YES;
				GCC_OPTIMIZATION_LEVEL = 0;
				GCC_PREPROCESSOR_DEFINITIONS = (
					"DEBUG=1",
					"$(inherited)",
				);
				GCC_WARN_64_TO_32_BIT_CONVERSION = YES;
				GCC_WARN_ABOUT_RETURN_TYPE = YES_ERROR;
				GCC_WARN_UNDECLARED_SELECTOR = YES;
				GCC_WARN_UNINITIALIZED_AUTOS = YES_AGGRESSIVE;
				GCC_WARN_UNUSED_FUNCTION = YES;
				GCC_WARN_UNUSED_VARIABLE = YES;
				IPHONEOS_DEPLOYMENT_TARGET = 13.6;
				MTL_ENABLE_DEBUG_INFO = INCLUDE_SOURCE;
				MTL_FAST_MATH = YES;
				ONLY_ACTIVE_ARCH = YES;
				SDKROOT = iphoneos;
				SWIFT_ACTIVE_COMPILATION_CONDITIONS = DEBUG;
				SWIFT_OPTIMIZATION_LEVEL = "-Onone";
			};
			name = Debug;
		};
		048862F324F8FB770037E751 /* Release */ = {
			isa = XCBuildConfiguration;
			buildSettings = {
				ALWAYS_SEARCH_USER_PATHS = NO;
				CLANG_ANALYZER_NONNULL = YES;
				CLANG_ANALYZER_NUMBER_OBJECT_CONVERSION = YES_AGGRESSIVE;
				CLANG_CXX_LANGUAGE_STANDARD = "gnu++14";
				CLANG_CXX_LIBRARY = "libc++";
				CLANG_ENABLE_MODULES = YES;
				CLANG_ENABLE_OBJC_ARC = YES;
				CLANG_ENABLE_OBJC_WEAK = YES;
				CLANG_WARN_BLOCK_CAPTURE_AUTORELEASING = YES;
				CLANG_WARN_BOOL_CONVERSION = YES;
				CLANG_WARN_COMMA = YES;
				CLANG_WARN_CONSTANT_CONVERSION = YES;
				CLANG_WARN_DEPRECATED_OBJC_IMPLEMENTATIONS = YES;
				CLANG_WARN_DIRECT_OBJC_ISA_USAGE = YES_ERROR;
				CLANG_WARN_DOCUMENTATION_COMMENTS = YES;
				CLANG_WARN_EMPTY_BODY = YES;
				CLANG_WARN_ENUM_CONVERSION = YES;
				CLANG_WARN_INFINITE_RECURSION = YES;
				CLANG_WARN_INT_CONVERSION = YES;
				CLANG_WARN_NON_LITERAL_NULL_CONVERSION = YES;
				CLANG_WARN_OBJC_IMPLICIT_RETAIN_SELF = YES;
				CLANG_WARN_OBJC_LITERAL_CONVERSION = YES;
				CLANG_WARN_OBJC_ROOT_CLASS = YES_ERROR;
				CLANG_WARN_RANGE_LOOP_ANALYSIS = YES;
				CLANG_WARN_STRICT_PROTOTYPES = YES;
				CLANG_WARN_SUSPICIOUS_MOVE = YES;
				CLANG_WARN_UNGUARDED_AVAILABILITY = YES_AGGRESSIVE;
				CLANG_WARN_UNREACHABLE_CODE = YES;
				CLANG_WARN__DUPLICATE_METHOD_MATCH = YES;
				COPY_PHASE_STRIP = NO;
				DEBUG_INFORMATION_FORMAT = "dwarf-with-dsym";
				ENABLE_NS_ASSERTIONS = NO;
				ENABLE_STRICT_OBJC_MSGSEND = YES;
				GCC_C_LANGUAGE_STANDARD = gnu11;
				GCC_NO_COMMON_BLOCKS = YES;
				GCC_WARN_64_TO_32_BIT_CONVERSION = YES;
				GCC_WARN_ABOUT_RETURN_TYPE = YES_ERROR;
				GCC_WARN_UNDECLARED_SELECTOR = YES;
				GCC_WARN_UNINITIALIZED_AUTOS = YES_AGGRESSIVE;
				GCC_WARN_UNUSED_FUNCTION = YES;
				GCC_WARN_UNUSED_VARIABLE = YES;
				IPHONEOS_DEPLOYMENT_TARGET = 13.6;
				MTL_ENABLE_DEBUG_INFO = NO;
				MTL_FAST_MATH = YES;
				SDKROOT = iphoneos;
				SWIFT_COMPILATION_MODE = wholemodule;
				SWIFT_OPTIMIZATION_LEVEL = "-O";
				VALIDATE_PRODUCT = YES;
			};
			name = Release;
		};
		048862F524F8FB770037E751 /* Debug */ = {
			isa = XCBuildConfiguration;
			buildSettings = {
				ASSETCATALOG_COMPILER_APPICON_NAME = AppIcon;
				CODE_SIGN_STYLE = Automatic;
				DEVELOPMENT_TEAM = PW6HFQMW7T;
				INFOPLIST_FILE = "TZ-Olimob/Info.plist";
				LD_RUNPATH_SEARCH_PATHS = (
					"$(inherited)",
					"@executable_path/Frameworks",
				);
				PRODUCT_BUNDLE_IDENTIFIER = com.tzolimob.com;
				PRODUCT_NAME = "$(TARGET_NAME)";
				SWIFT_VERSION = 5.0;
				TARGETED_DEVICE_FAMILY = "1,2";
			};
			name = Debug;
		};
		048862F624F8FB770037E751 /* Release */ = {
			isa = XCBuildConfiguration;
			buildSettings = {
				ASSETCATALOG_COMPILER_APPICON_NAME = AppIcon;
				CODE_SIGN_STYLE = Automatic;
				DEVELOPMENT_TEAM = PW6HFQMW7T;
				INFOPLIST_FILE = "TZ-Olimob/Info.plist";
				LD_RUNPATH_SEARCH_PATHS = (
					"$(inherited)",
					"@executable_path/Frameworks",
				);
				PRODUCT_BUNDLE_IDENTIFIER = com.tzolimob.com;
				PRODUCT_NAME = "$(TARGET_NAME)";
				SWIFT_VERSION = 5.0;
				TARGETED_DEVICE_FAMILY = "1,2";
			};
			name = Release;
		};
/* End XCBuildConfiguration section */

/* Begin XCConfigurationList section */
		048862D724F8FB710037E751 /* Build configuration list for PBXProject "TZ-Olimob" */ = {
			isa = XCConfigurationList;
			buildConfigurations = (
				048862F224F8FB770037E751 /* Debug */,
				048862F324F8FB770037E751 /* Release */,
			);
			defaultConfigurationIsVisible = 0;
			defaultConfigurationName = Release;
		};
		048862F424F8FB770037E751 /* Build configuration list for PBXNativeTarget "TZ-Olimob" */ = {
			isa = XCConfigurationList;
			buildConfigurations = (
				048862F524F8FB770037E751 /* Debug */,
				048862F624F8FB770037E751 /* Release */,
			);
			defaultConfigurationIsVisible = 0;
			defaultConfigurationName = Release;
		};
/* End XCConfigurationList section */

/* Begin XCRemoteSwiftPackageReference section */
		0427C3D324FA5E010073A45A /* XCRemoteSwiftPackageReference "facebook-ios-sdk" */ = {
			isa = XCRemoteSwiftPackageReference;
			repositoryURL = "https://github.com/facebook/facebook-ios-sdk";
			requirement = {
				kind = upToNextMajorVersion;
				minimumVersion = 7.1.1;
			};
		};
/* End XCRemoteSwiftPackageReference section */

/* Begin XCSwiftPackageProductDependency section */
		0427C3D424FA5E010073A45A /* FacebookShare */ = {
			isa = XCSwiftPackageProductDependency;
			package = 0427C3D324FA5E010073A45A /* XCRemoteSwiftPackageReference "facebook-ios-sdk" */;
			productName = FacebookShare;
		};
		0427C3D624FA5E010073A45A /* FacebookCore */ = {
			isa = XCSwiftPackageProductDependency;
			package = 0427C3D324FA5E010073A45A /* XCRemoteSwiftPackageReference "facebook-ios-sdk" */;
			productName = FacebookCore;
		};
		0427C3D824FA5E010073A45A /* FacebookGamingServices */ = {
			isa = XCSwiftPackageProductDependency;
			package = 0427C3D324FA5E010073A45A /* XCRemoteSwiftPackageReference "facebook-ios-sdk" */;
			productName = FacebookGamingServices;
		};
		0427C3DA24FA5E010073A45A /* FacebookLogin */ = {
			isa = XCSwiftPackageProductDependency;
			package = 0427C3D324FA5E010073A45A /* XCRemoteSwiftPackageReference "facebook-ios-sdk" */;
			productName = FacebookLogin;
		};
/* End XCSwiftPackageProductDependency section */
	};
	rootObject = 048862D424F8FB710037E751 /* Project object */;
}
